
Microsoft Visual Studio Solution File, Format Version 12.00
# Visual Studio Version 17
VisualStudioVersion = 17.11.35327.3
MinimumVisualStudioVersion = 10.0.40219.1
Project("{FAE04EC0-301F-11D3-BF4B-00C04F79EFBC}") = "Sharp4", "Sharp4\Sharp4.csproj", "{36780FFF-851D-4D49-95E2-76990813DB80}"
EndProject
Global
	GlobalSection(SolutionConfigurationPlatforms) = preSolution
		Debug|Any CPU = Debug|Any CPU
		Release|Any CPU = Release|Any CPU
	EndGlobalSection
	GlobalSection(ProjectConfigurationPlatforms) = postSolution
		{36780FFF-851D-4D49-95E2-76990813DB80}.Debug|Any CPU.ActiveCfg = Debug|Any CPU
		{36780FFF-851D-4D49-95E2-76990813DB80}.Debug|Any CPU.Build.0 = Debug|Any CPU
		{36780FFF-851D-4D49-95E2-76990813DB80}.Release|Any CPU.ActiveCfg = Release|Any CPU
		{36780FFF-851D-4D49-95E2-76990813DB80}.Release|Any CPU.Build.0 = Release|Any CPU
	EndGlobalSection
	GlobalSection(SolutionProperties) = preSolution
		HideSolutionNode = FALSE
	EndGlobalSection
	GlobalSection(ExtensibilityGlobals) = postSolution
		SolutionGuid = {2C1D6B1B-7D34-4A2C-ADDF-D140EBD677C1}
	EndGlobalSection
EndGlobal
